# This file is autogenerated, do not edit; changes may be undone by the next 'dep ensure'.


[[projects]]
  digest = "1:625d7316994573f9f39d7db564e3a3085136ab099ff2d74fe01ec042dcd24916"
  name = "github.com/ethereum/go-ethereum"
  packages = [
    "accounts",
    "common",
    "core",
    "core/state",
    "core/types",
    "core/vm",
    "crypto",
    "crypto/ecies",
    "crypto/randentropy",
    "crypto/secp256k1",
    "crypto/sha3",
    "ethdb",
    "event",
    "logger",
    "logger/glog",
    "metrics",
    "params",
    "pow",
    "rlp",
    "trie",
  ]
  pruneopts = "UT"
  revision = "5f55d95aea433ef97c48ae927835d833772350de"
  version = "v1.4.10"

[[projects]]
  digest = "1:f22f8c790420b7a6ef3934b4d205954f8fe3fb25dc381d21ab2611ff8237b3f7"
  name = "github.com/golang/snappy"
  packages = ["."]
  pruneopts = "UT"
  revision = "799c780093d646c1b79d30894e22512c319fa137"

[[projects]]
  digest = "1:3f90d23757c18b1e07bf11494dbe737ee2c44d881c0f41e681611abdadad62fa"
  name = "github.com/hashicorp/golang-lru"
  packages = [
    ".",
    "simplelru",
  ]
  pruneopts = "UT"
  revision = "a0d98a5f288019575c6d1f4bb1573fef2d1fcdc4"

[[projects]]
  digest = "1:0ac0af69bcb472eb27556c8b7d00e65d0b871d732e9f2301a01bbfa686190ae4"
  name = "github.com/pborman/uuid"
  packages = ["."]
  pruneopts = "UT"
  revision = "0f1a46960a86dcdf5dd30d3e6568a497a997909f"

[[projects]]
  digest = "1:681df91c3ed2d07f3bb565df17da4b2123a1bbe6ef830b4d6b9217b19cda1dc1"
  name = "github.com/rcrowley/go-metrics"
  packages = ["."]
  pruneopts = "UT"
  revision = "51425a2415d21afadfd55cd93432c0bc69e9598d"

[[projects]]
  digest = "1:6dd6044da16f5696a75450f3840b3fac9b78f8b42e62de0a4c18e204529ceef3"
  name = "github.com/rjeczalik/notify"
  packages = ["."]
  pruneopts = "UT"
  revision = "5dd6205716539662f8f14ab513552b41eab69d5d"

[[projects]]
  digest = "1:3ed2b7f9036138f7f52d415c7541e786e5ebeb51ed3042a76b029bab07bf3507"
  name = "github.com/syndtr/goleveldb"
  packages = [
    "leveldb",
    "leveldb/cache",
    "leveldb/comparer",
    "leveldb/errors",
    "leveldb/filter",
    "leveldb/iterator",
    "leveldb/journal",
    "leveldb/memdb",
    "leveldb/opt",
    "leveldb/storage",
    "leveldb/table",
    "leveldb/util",
  ]
  pruneopts = "UT"
  revision = "917f41c560270110ceb73c5b38be2a9127387071"

[[projects]]
  digest = "1:93f060d8b834ab21ea5b0f4bed4013c288a9eb0a2adf7aa7e7cafd2a2d57e160"
  name = "golang.org/x/crypto"
  packages = [
    "pbkdf2",
    "ripemd160",
    "scrypt",
  ]
  pruneopts = "UT"
  revision = "1f22c0103821b9390939b6776727195525381532"

[[projects]]
  digest = "1:5f1d44e13c151d777a80b0d8ca850347530773e73ccce5995a520cdc6947c205"
  name = "gopkg.in/fatih/set.v0"
  packages = ["."]
  pruneopts = "UT"
  revision = "2c768e3c5489976167bfc42b5c7c92ca783f4389"
  version = "v0.2.1"

[[projects]]
  branch = "v2"
  digest = "1:0a2f4b974a413866afa1b41130d756643841fb9ad661b81c9a6dd9f1364ed19f"
  name = "gopkg.in/karalabe/cookiejar.v2"
  packages = ["collections/prque"]
  pruneopts = "UT"
  revision = "8dcd6a7f4951f6ff3ee9cbb919a06d8925822e57"

[[projects]]
  digest = "1:01d3c3dfb7ef9da24cd00cbd5b9e2c147fa7a3f44a83028bc737da9cac7ed60b"
  name = "gopkg.in/urfave/cli.v1"
  packages = ["."]
  pruneopts = "UT"
  revision = "0bdeddeeb0f650497d603c4ad7b20cfe685682f6"
  version = "v1.19.1"

[solve-meta]
  analyzer-name = "dep"
  analyzer-version = 1
  input-imports = [
    "github.com/ethereum/go-ethereum/common",
    "github.com/ethereum/go-ethereum/core",
    "github.com/ethereum/go-ethereum/core/state",
    "github.com/ethereum/go-ethereum/core/types",
    "github.com/ethereum/go-ethereum/core/vm",
    "github.com/ethereum/go-ethereum/ethdb",
    "github.com/ethereum/go-ethereum/event",
    "github.com/ethereum/go-ethereum/logger/glog",
    "gopkg.in/urfave/cli.v1",
  ]
  solver-name = "gps-cdcl"
  solver-version = 1
